
Microsoft Visual Studio Solution File, Format Version 12.00
# Visual Studio Version 17
VisualStudioVersion = 17.0.31903.59
MinimumVisualStudioVersion = 10.0.40219.1
Project("{FAE04EC0-301F-11D3-BF4B-00C04F79EFBC}") = "API", "API\API.csproj", "{D2AB48F2-8048-406F-8AA2-A24F51920EF0}"
EndProject
Project("{FAE04EC0-301F-11D3-BF4B-00C04F79EFBC}") = "Core", "Core\Core.csproj", "{179C062A-8283-4D39-8809-CFB4B7349077}"
EndProject
Project("{FAE04EC0-301F-11D3-BF4B-00C04F79EFBC}") = "Infrastructure", "Infrastructure\Infrastructure.csproj", "{964D7128-39EF-40B3-A17B-1F3B2DD6D3B3}"
EndProject
Global
	GlobalSection(SolutionConfigurationPlatforms) = preSolution
		Debug|Any CPU = Debug|Any CPU
		Debug|x64 = Debug|x64
		Debug|x86 = Debug|x86
		Release|Any CPU = Release|Any CPU
		Release|x64 = Release|x64
		Release|x86 = Release|x86
	EndGlobalSection
	GlobalSection(ProjectConfigurationPlatforms) = postSolution
		{D2AB48F2-8048-406F-8AA2-A24F51920EF0}.Debug|Any CPU.ActiveCfg = Debug|Any CPU
		{D2AB48F2-8048-406F-8AA2-A24F51920EF0}.Debug|Any CPU.Build.0 = Debug|Any CPU
		{D2AB48F2-8048-406F-8AA2-A24F51920EF0}.Debug|x64.ActiveCfg = Debug|Any CPU
		{D2AB48F2-8048-406F-8AA2-A24F51920EF0}.Debug|x64.Build.0 = Debug|Any CPU
		{D2AB48F2-8048-406F-8AA2-A24F51920EF0}.Debug|x86.ActiveCfg = Debug|Any CPU
		{D2AB48F2-8048-406F-8AA2-A24F51920EF0}.Debug|x86.Build.0 = Debug|Any CPU
		{D2AB48F2-8048-406F-8AA2-A24F51920EF0}.Release|Any CPU.ActiveCfg = Release|Any CPU
		{D2AB48F2-8048-406F-8AA2-A24F51920EF0}.Release|Any CPU.Build.0 = Release|Any CPU
		{D2AB48F2-8048-406F-8AA2-A24F51920EF0}.Release|x64.ActiveCfg = Release|Any CPU
		{D2AB48F2-8048-406F-8AA2-A24F51920EF0}.Release|x64.Build.0 = Release|Any CPU
		{D2AB48F2-8048-406F-8AA2-A24F51920EF0}.Release|x86.ActiveCfg = Release|Any CPU
		{D2AB48F2-8048-406F-8AA2-A24F51920EF0}.Release|x86.Build.0 = Release|Any CPU
		{179C062A-8283-4D39-8809-CFB4B7349077}.Debug|Any CPU.ActiveCfg = Debug|Any CPU
		{179C062A-8283-4D39-8809-CFB4B7349077}.Debug|Any CPU.Build.0 = Debug|Any CPU
		{179C062A-8283-4D39-8809-CFB4B7349077}.Debug|x64.ActiveCfg = Debug|Any CPU
		{179C062A-8283-4D39-8809-CFB4B7349077}.Debug|x64.Build.0 = Debug|Any CPU
		{179C062A-8283-4D39-8809-CFB4B7349077}.Debug|x86.ActiveCfg = Debug|Any CPU
		{179C062A-8283-4D39-8809-CFB4B7349077}.Debug|x86.Build.0 = Debug|Any CPU
		{179C062A-8283-4D39-8809-CFB4B7349077}.Release|Any CPU.ActiveCfg = Release|Any CPU
		{179C062A-8283-4D39-8809-CFB4B7349077}.Release|Any CPU.Build.0 = Release|Any CPU
		{179C062A-8283-4D39-8809-CFB4B7349077}.Release|x64.ActiveCfg = Release|Any CPU
		{179C062A-8283-4D39-8809-CFB4B7349077}.Release|x64.Build.0 = Release|Any CPU
		{179C062A-8283-4D39-8809-CFB4B7349077}.Release|x86.ActiveCfg = Release|Any CPU
		{179C062A-8283-4D39-8809-CFB4B7349077}.Release|x86.Build.0 = Release|Any CPU
		{964D7128-39EF-40B3-A17B-1F3B2DD6D3B3}.Debug|Any CPU.ActiveCfg = Debug|Any CPU
		{964D7128-39EF-40B3-A17B-1F3B2DD6D3B3}.Debug|Any CPU.Build.0 = Debug|Any CPU
		{964D7128-39EF-40B3-A17B-1F3B2DD6D3B3}.Debug|x64.ActiveCfg = Debug|Any CPU
		{964D7128-39EF-40B3-A17B-1F3B2DD6D3B3}.Debug|x64.Build.0 = Debug|Any CPU
		{964D7128-39EF-40B3-A17B-1F3B2DD6D3B3}.Debug|x86.ActiveCfg = Debug|Any CPU
		{964D7128-39EF-40B3-A17B-1F3B2DD6D3B3}.Debug|x86.Build.0 = Debug|Any CPU
		{964D7128-39EF-40B3-A17B-1F3B2DD6D3B3}.Release|Any CPU.ActiveCfg = Release|Any CPU
		{964D7128-39EF-40B3-A17B-1F3B2DD6D3B3}.Release|Any CPU.Build.0 = Release|Any CPU
		{964D7128-39EF-40B3-A17B-1F3B2DD6D3B3}.Release|x64.ActiveCfg = Release|Any CPU
		{964D7128-39EF-40B3-A17B-1F3B2DD6D3B3}.Release|x64.Build.0 = Release|Any CPU
		{964D7128-39EF-40B3-A17B-1F3B2DD6D3B3}.Release|x86.ActiveCfg = Release|Any CPU
		{964D7128-39EF-40B3-A17B-1F3B2DD6D3B3}.Release|x86.Build.0 = Release|Any CPU
	EndGlobalSection
	GlobalSection(SolutionProperties) = preSolution
		HideSolutionNode = FALSE
	EndGlobalSection
EndGlobal
